
Microsoft Visual Studio Solution File, Format Version 11.00
# Visual Studio 2010
Project("{FAE04EC0-301F-11D3-BF4B-00C04F79EFBC}") = "FicheSAV", "FicheSAV.csproj", "{D1D1848D-E865-43A6-A0A1-2FB5D138FC26}"
EndProject
Global
	GlobalSection(SolutionConfigurationPlatforms) = preSolution
		Debug|x86 = Debug|x86
		Release|x86 = Release|x86
	EndGlobalSection
	GlobalSection(ProjectConfigurationPlatforms) = postSolution
		{D1D1848D-E865-43A6-A0A1-2FB5D138FC26}.Debug|x86.ActiveCfg = Release|x86
		{D1D1848D-E865-43A6-A0A1-2FB5D138FC26}.Debug|x86.Build.0 = Release|x86
		{D1D1848D-E865-43A6-A0A1-2FB5D138FC26}.Release|x86.ActiveCfg = Release|x86
		{D1D1848D-E865-43A6-A0A1-2FB5D138FC26}.Release|x86.Build.0 = Release|x86
	EndGlobalSection
	GlobalSection(SolutionProperties) = preSolution
		HideSolutionNode = FALSE
	EndGlobalSection
	GlobalSection(SubversionScc) = preSolution
		Svn-Managed = True
		Manager = AnkhSVN - Subversion Support for Visual Studio
	EndGlobalSection
EndGlobal
